PODS:
  - CocoaAsyncSocket (7.6.5)
  - Kingfisher (6.3.1)
  - lottie-ios (3.4.1)
  - VerticalCardSwiper (2.3.1)

DEPENDENCIES:
  - CocoaAsyncSocket
  - Kingfisher
  - lottie-ios
  - VerticalCardSwiper

SPEC REPOS:
  trunk:
    - CocoaAsyncSocket
    - Kingfisher
    - lottie-ios
    - VerticalCardSwiper

SPEC CHECKSUMS:
  CocoaAsyncSocket: 065fd1e645c7abab64f7a6a2007a48038fdc6a99
  Kingfisher: 016c8b653a35add51dd34a3aba36b580041acc74
  lottie-ios: 016449b5d8be0c3dcbcfa0a9988469999cd04c5d
  VerticalCardSwiper: 68df635b354500f86934ea044ade37a264c044c6

PODFILE CHECKSUM: 0374689f8e1f2e58b40406607bbed3cfa33b8ea6

COCOAPODS: 1.11.3
